
Microsoft Visual Studio Solution File, Format Version 12.00
# Visual Studio Version 17
VisualStudioVersion = 17.5.33516.290
MinimumVisualStudioVersion = 10.0.40219.1
Project("{9A19103F-16F7-4668-BE54-9A1E7A4F7556}") = "BMSWithMongoDB", "BMSWithMongoDB\BMSWithMongoDB.csproj", "{DE0412A0-9B78-4EF9-9474-F6EF941066E3}"
EndProject
Project("{FAE04EC0-301F-11D3-BF4B-00C04F79EFBC}") = "BMS.Infrastructure", "BMS.Infrastructure\BMS.Infrastructure.csproj", "{BCAB7663-6B58-4BC7-B472-A388FB31741F}"
EndProject
Project("{FAE04EC0-301F-11D3-BF4B-00C04F79EFBC}") = "BMS.Domain", "BMS.Domain\BMS.Domain.csproj", "{A0E61E6A-4176-490B-9872-870469CFA5BF}"
EndProject
Global
	GlobalSection(SolutionConfigurationPlatforms) = preSolution
		Debug|Any CPU = Debug|Any CPU
		Release|Any CPU = Release|Any CPU
	EndGlobalSection
	GlobalSection(ProjectConfigurationPlatforms) = postSolution
		{DE0412A0-9B78-4EF9-9474-F6EF941066E3}.Debug|Any CPU.ActiveCfg = Debug|Any CPU
		{DE0412A0-9B78-4EF9-9474-F6EF941066E3}.Debug|Any CPU.Build.0 = Debug|Any CPU
		{DE0412A0-9B78-4EF9-9474-F6EF941066E3}.Release|Any CPU.ActiveCfg = Release|Any CPU
		{DE0412A0-9B78-4EF9-9474-F6EF941066E3}.Release|Any CPU.Build.0 = Release|Any CPU
		{BCAB7663-6B58-4BC7-B472-A388FB31741F}.Debug|Any CPU.ActiveCfg = Debug|Any CPU
		{BCAB7663-6B58-4BC7-B472-A388FB31741F}.Debug|Any CPU.Build.0 = Debug|Any CPU
		{BCAB7663-6B58-4BC7-B472-A388FB31741F}.Release|Any CPU.ActiveCfg = Release|Any CPU
		{BCAB7663-6B58-4BC7-B472-A388FB31741F}.Release|Any CPU.Build.0 = Release|Any CPU
		{A0E61E6A-4176-490B-9872-870469CFA5BF}.Debug|Any CPU.ActiveCfg = Debug|Any CPU
		{A0E61E6A-4176-490B-9872-870469CFA5BF}.Debug|Any CPU.Build.0 = Debug|Any CPU
		{A0E61E6A-4176-490B-9872-870469CFA5BF}.Release|Any CPU.ActiveCfg = Release|Any CPU
		{A0E61E6A-4176-490B-9872-870469CFA5BF}.Release|Any CPU.Build.0 = Release|Any CPU
	EndGlobalSection
	GlobalSection(SolutionProperties) = preSolution
		HideSolutionNode = FALSE
	EndGlobalSection
	GlobalSection(ExtensibilityGlobals) = postSolution
		SolutionGuid = {81BA21D3-B636-4942-BF84-9B16CED6B8F1}
	EndGlobalSection
EndGlobal
